lockfileVersion: '9.0'

settings:
  autoInstallPeers: true
  excludeLinksFromLockfile: false

importers:

  .:
    dependencies:
      '@hookform/resolvers':
        specifier: ^3.9.1
        version: 3.10.0(react-hook-form@7.71.1(react@19.2.4))
      '@radix-ui/react-accordion':
        specifier: 1.2.12
        version: 1.2.12(@types/react-dom@19.2.3(@types/react@19.2.14))(@types/react@19.2.14)(react-dom@19.2.4(react@19.2.4))(react@19.2.4)
      '@radix-ui/react-alert-dialog':
        specifier: 1.1.15
        version: 1.1.15(@types/react-dom@19.2.3(@types/react@19.2.14))(@types/react@19.2.14)(react-dom@19.2.4(react@19.2.4))(react@19.2.4)
      '@radix-ui/react-aspect-ratio':
        specifier: 1.1.8
        version: 1.1.8(@types/react-dom@19.2.3(@types/react@19.2.14))(@types/react@19.2.14)(react-dom@19.2.4(react@19.2.4))(react@19.2.4)
      '@radix-ui/react-avatar':
        specifier: 1.1.11
        version: 1.1.11(@types/react-dom@19.2.3(@types/react@19.2.14))(@types/react@19.2.14)(react-dom@19.2.4(react@19.2.4))(react@19.2.4)
      '@radix-ui/react-checkbox':
        specifier: 1.3.3
        version: 1.3.3(@types/react-dom@19.2.3(@types/react@19.2.14))(@types/react@19.2.14)(react-dom@19.2.4(react@19.2.4))(react@19.2.4)
      '@radix-ui/react-collapsible':
        specifier: 1.1.12
        version: 1.1.12(@types/react-dom@19.2.3(@types/react@19.2.14))(@types/react@19.2.14)(react-dom@19.2.4(react@19.2.4))(react@19.2.4)
      '@radix-ui/react-context-menu':
        specifier: 2.2.16
        version: 2.2.16(@types/react-dom@19.2.3(@types/react@19.2.14))(@types/react@19.2.14)(react-dom@19.2.4(react@19.2.4))(react@19.2.4)
      '@radix-ui/react-dialog':
        specifier: 1.1.15
        version: 1.1.15(@types/react-dom@19.2.3(@types/react@19.2.14))(@types/react@19.2.14)(react-dom@19.2.4(react@19.2.4))(react@19.2.4)
      '@radix-ui/react-dropdown-menu':
        specifier: 2.1.16
        version: 2.1.16(@types/react-dom@19.2.3(@types/react@19.2.14))(@types/react@19.2.14)(react-dom@19.2.4(react@19.2.4))(react@19.2.4)
      '@radix-ui/react-hover-card':
        specifier: 1.1.15
        version: 1.1.15(@types/react-dom@19.2.3(@types/react@19.2.14))(@types/react@19.2.14)(react-dom@19.2.4(react@19.2.4))(react@19.2.4)
      '@radix-ui/react-label':
        specifier: 2.1.8
        version: 2.1.8(@types/react-dom@19.2.3(@types/react@19.2.14))(@types/react@19.2.14)(react-dom@19.2.4(react@19.2.4))(react@19.2.4)
      '@radix-ui/react-menubar':
        specifier: 1.1.16
        version: 1.1.16(@types/react-dom@19.2.3(@types/react@19.2.14))(@types/react@19.2.14)(react-dom@19.2.4(react@19.2.4))(react@19.2.4)
      '@radix-ui/react-navigation-menu':
        specifier: 1.2.14
        version: 1.2.14(@types/react-dom@19.2.3(@types/react@19.2.14))(@types/react@19.2.14)(react-dom@19.2.4(react@19.2.4))(react@19.2.4)
      '@radix-ui/react-popover':
        specifier: 1.1.15
        version: 1.1.15(@types/react-dom@19.2.3(@types/react@19.2.14))(@types/react@19.2.14)(react-dom@19.2.4(react@19.2.4))(react@19.2.4)
      '@radix-ui/react-progress':
        specifier: 1.1.8
        version: 1.1.8(@types/react-dom@19.2.3(@types/react@19.2.14))(@types/react@19.2.14)(react-dom@19.2.4(react@19.2.4))(react@19.2.4)
      '@radix-ui/react-radio-group':
        specifier: 1.3.8
        version: 1.3.8(@types/react-dom@19.2.3(@types/react@19.2.14))(@types/react@19.2.14)(react-dom@19.2.4(react@19.2.4))(react@19.2.4)
      '@radix-ui/react-scroll-area':
        specifier: 1.2.10
        version: 1.2.10(@types/react-dom@19.2.3(@types/react@19.2.14))(@types/react@19.2.14)(react-dom@19.2.4(react@19.2.4))(react@19.2.4)
      '@radix-ui/react-select':
        specifier: 2.2.6
        version: 2.2.6(@types/react-dom@19.2.3(@types/react@19.2.14))(@types/react@19.2.14)(react-dom@19.2.4(react@19.2.4))(react@19.2.4)
      '@radix-ui/react-separator':
        specifier: 1.1.8
        version: 1.1.8(@types/react-dom@19.2.3(@types/react@19.2.14))(@types/react@19.2.14)(react-dom@19.2.4(react@19.2.4))(react@19.2.4)
      '@radix-ui/react-slider':
        specifier: 1.3.6
        version: 1.3.6(@types/react-dom@19.2.3(@types/react@19.2.14))(@types/react@19.2.14)(react-dom@19.2.4(react@19.2.4))(react@19.2.4)
      '@radix-ui/react-slot':
        specifier: 1.2.4
        version: 1.2.4(@types/react@19.2.14)(react@19.2.4)
      '@radix-ui/react-switch':
        specifier: 1.2.6
        version: 1.2.6(@types/react-dom@19.2.3(@types/react@19.2.14))(@types/react@19.2.14)(react-dom@19.2.4(react@19.2.4))(react@19.2.4)
      '@radix-ui/react-tabs':
        specifier: 1.1.13
        version: 1.1.13(@types/react-dom@19.2.3(@types/react@19.2.14))(@types/react@19.2.14)(react-dom@19.2.4(react@19.2.4))(react@19.2.4)
      '@radix-ui/react-toast':
        specifier: 1.2.15
        version: 1.2.15(@types/react-dom@19.2.3(@types/react@19.2.14))(@types/react@19.2.14)(react-dom@19.2.4(react@19.2.4))(react@19.2.4)
      '@radix-ui/react-toggle':
        specifier: 1.1.10
        version: 1.1.10(@types/react-dom@19.2.3(@types/react@19.2.14))(@types/react@19.2.14)(react-dom@19.2.4(react@19.2.4))(react@19.2.4)
      '@radix-ui/react-toggle-group':
        specifier: 1.1.11
        version: 1.1.11(@types/react-dom@19.2.3(@types/react@19.2.14))(@types/react@19.2.14)(react-dom@19.2.4(react@19.2.4))(react@19.2.4)
      '@radix-ui/react-tooltip':
        specifier: 1.2.8
        version: 1.2.8(@types/react-dom@19.2.3(@types/react@19.2.14))(@types/react@19.2.14)(react-dom@19.2.4(react@19.2.4))(react@19.2.4)
      '@supabase/supabase-js':
        specifier: ^2.49.0
        version: 2.49.0
      '@vercel/analytics':
        specifier: 1.6.1
        version: 1.6.1(next@16.2.4(react-dom@19.2.4(react@19.2.4))(react@19.2.4))(react@19.2.4)
      autoprefixer:
        specifier: ^10.4.20
        version: 10.4.24(postcss@8.5.6)
      class-variance-authority:
        specifier: ^0.7.1
        version: 0.7.1
      clsx:
        specifier: ^2.1.1
        version: 2.1.1
      cmdk:
        specifier: 1.1.1
        version: 1.1.1(@types/react-dom@19.2.3(@types/react@19.2.14))(@types/react@19.2.14)(react-dom@19.2.4(react@19.2.4))(react@19.2.4)
      date-fns:
        specifier: 4.1.0
        version: 4.1.0
      embla-carousel-react:
        specifier: 8.6.0
        version: 8.6.0(react@19.2.4)
      framer-motion:
        specifier: ^12.38.0
        version: 12.38.0(react-dom@19.2.4(react@19.2.4))(react@19.2.4)
      input-otp:
        specifier: 1.4.2
        version: 1.4.2(react-dom@19.2.4(react@19.2.4))(react@19.2.4)
      lucide-react:
        specifier: ^0.564.0
        version: 0.564.0(react@19.2.4)
      next:
        specifier: 16.2.4
        version: 16.2.4(react-dom@19.2.4(react@19.2.4))(react@19.2.4)
      next-themes:
        specifier: ^0.4.6
        version: 0.4.6(react-dom@19.2.4(react@19.2.4))(react@19.2.4)
      react:
        specifier: ^19
        version: 19.2.4
      react-day-picker:
        specifier: 9.13.2
        version: 9.13.2(react@19.2.4)
      react-dom:
        specifier: ^19
        version: 19.2.4(react@19.2.4)
      react-hook-form:
        specifier: ^7.54.1
        version: 7.71.1(react@19.2.4)
      react-resizable-panels:
        specifier: ^2.1.7
        version: 2.1.9(react-dom@19.2.4(react@19.2.4))(react@19.2.4)
      recharts:
        specifier: 2.15.0
        version: 2.15.0(react-dom@19.2.4(react@19.2.4))(react@19.2.4)
      sonner:
        specifier: ^1.7.1
        version: 1.7.4(react-dom@19.2.4(react@19.2.4))(react@19.2.4)
      tailwind-merge:
        specifier: ^3.3.1
        version: 3.4.0
      vaul:
        specifier: ^1.1.2
        version: 1.1.2(@types/react-dom@19.2.3(@types/react@19.2.14))(@types/react@19.2.14)(react-dom@19.2.4(react@19.2.4))(react@19.2.4)
      zod:
        specifier: ^3.24.1
        version: 3.25.76
    devDependencies:
      '@tailwindcss/postcss':
        specifier: ^4.2.0
        version: 4.2.0
      '@types/node':
        specifier: ^22
        version: 22.19.11
      '@types/react':
        specifier: ^19
        version: 19.2.14
      '@types/react-dom':
        specifier: ^19
        version: 19.2.3(@types/react@19.2.14)
      postcss:
        specifier: ^8.5
        version: 8.5.6
      tailwindcss:
        specifier: ^4.2.0
        version: 4.2.0
      tw-animate-css:
        specifier: 1.3.3
        version: 1.3.3
      typescript:
        specifier: 5.7.3
        version: 5.7.3

packages:

  '@supabase/supabase-js@2.49.0':
    resolution: {integrity: sha512-IuTNMQ3AhFrY9wdJMcgW2P8PkLFIoQZSZmxfNKjDGxjRAK58Ej9a0vB0zBHdxaepW4GBiOGSRLXnSBSEnpbWg==}

  '@supabase/auth-js@2.68.0':
    resolution: {integrity: sha512-gHnSdGk2sTuFuVHQiMBsRUJ1bnxjQcRNjGlwFRRpBvRmJUPZO0aBmgx1VsHN9e6nWoJPZtTOmNGMCJ0nWTEHQ==}

  '@supabase/functions-js@2.4.4':
    resolution: {integrity: sha512-WL2p6r4AXNGwop7iwvul2BvOtuJ1YQy8EbOd0dhG1oN1q8el/BIRSe8sxg8PHF4oBCeeMiAoKi5tdIQzBNkhA==}

  '@supabase/node-fetch@2.6.15':
    resolution: {integrity: sha512-1ibVeYUacxWYi9yhSHAw2W1+8oQFlQJBwCKMB7HEcKHkBeKvVYDd7kscounty9MoqjhUMFNBJYPe8xqCJOFBHVhA==}

  '@supabase/postgrest-js@1.19.4':
    resolution: {integrity: sha512-OOGa3COGb0akYW0k/IQOS5s0X0KHsJzuYTD4Q7EqJuCTYkMoR9I/7bRwJmRJ8w9pTSWTpJYtGlVbWG1DJhODZA==}

  '@supabase/realtime-js@2.11.2':
    resolution: {integrity: sha512-yHpFGHrwFhJFkwqz3cBaOeC4W0BQe2EYk9W7BFE5cN4ROHLQgjzwJl9R1VsBHVkHGgvJZW12RwCKpCJCBpbDHw==}

  '@supabase/storage-js@2.7.1':
    resolution: {integrity: sha512-asYHcyDR1JHMgQDRSuPNbmGRnUEhHcfqYHxfSd0N1GUdVB2UVGFZS9hMKNMEe4oTQXFOHFXbyeHoakBkdoHeg==}

  '@types/phoenix@1.6.6':
    resolution: {integrity: sha512-PItn9SVkhRtC0dFxFxl8o8fy3TrpckwPOM0wCE8p2YAlHYI4j7dhJPkMbJFhzT60F0YwaMUPQMzbuElBCEzX4g==}

  '@types/ws@8.18.1':
    resolution: {integrity: sha512-ThVF6DCVhA8kUFPwDQq/hj0WoFtLsZ8RzBFBH62gY1S3sWxBLriLx2VPEFq0jDGcIF0nz6Obi1F8GmyGPHEjLw==}

  ws@8.18.2:
    resolution: {integrity: sha512-DMricUmIGrlHNMA3D8OQFQN7Z0UkFNjSBNJn/NfpF5FNgDRBqx0YZdIiehpSd+T0DQdFgFHqoFER4mf8G+DqJw==}
    engines: {node: '>=10.0.0'}
